
Microsoft Visual Studio Solution File, Format Version 12.00
# Visual Studio Version 17
VisualStudioVersion = 17.11.35327.3
MinimumVisualStudioVersion = 10.0.40219.1
Project("{FAE04EC0-301F-11D3-BF4B-00C04F79EFBC}") = "Gamify_Rewards", "Gamify_Rewards.csproj", "{6742FAA4-5C62-4ED6-818D-5B5132F0C3D9}"
EndProject
Global
	GlobalSection(SolutionConfigurationPlatforms) = preSolution
		Debug|Any CPU = Debug|Any CPU
		Release|Any CPU = Release|Any CPU
	EndGlobalSection
	GlobalSection(ProjectConfigurationPlatforms) = postSolution
		{6742FAA4-5C62-4ED6-818D-5B5132F0C3D9}.Debug|Any CPU.ActiveCfg = Debug|Any CPU
		{6742FAA4-5C62-4ED6-818D-5B5132F0C3D9}.Debug|Any CPU.Build.0 = Debug|Any CPU
		{6742FAA4-5C62-4ED6-818D-5B5132F0C3D9}.Release|Any CPU.ActiveCfg = Release|Any CPU
		{6742FAA4-5C62-4ED6-818D-5B5132F0C3D9}.Release|Any CPU.Build.0 = Release|Any CPU
	EndGlobalSection
	GlobalSection(SolutionProperties) = preSolution
		HideSolutionNode = FALSE
	EndGlobalSection
	GlobalSection(ExtensibilityGlobals) = postSolution
		SolutionGuid = {0C6039A4-71E4-4C13-9127-DEF4E3E911AF}
	EndGlobalSection
EndGlobal
