
Microsoft Visual Studio Solution File, Format Version 12.00
# Visual Studio Version 17
VisualStudioVersion = 17.11.35312.102
MinimumVisualStudioVersion = 10.0.40219.1
Project("{FAE04EC0-301F-11D3-BF4B-00C04F79EFBC}") = "Media", "Media.csproj", "{2E6D0E67-9CA8-46A4-A47B-0B21E7B12CD5}"
EndProject
Global
	GlobalSection(SolutionConfigurationPlatforms) = preSolution
		Debug|Any CPU = Debug|Any CPU
		Release|Any CPU = Release|Any CPU
	EndGlobalSection
	GlobalSection(ProjectConfigurationPlatforms) = postSolution
		{2E6D0E67-9CA8-46A4-A47B-0B21E7B12CD5}.Debug|Any CPU.ActiveCfg = Debug|Any CPU
		{2E6D0E67-9CA8-46A4-A47B-0B21E7B12CD5}.Debug|Any CPU.Build.0 = Debug|Any CPU
		{2E6D0E67-9CA8-46A4-A47B-0B21E7B12CD5}.Release|Any CPU.ActiveCfg = Release|Any CPU
		{2E6D0E67-9CA8-46A4-A47B-0B21E7B12CD5}.Release|Any CPU.Build.0 = Release|Any CPU
	EndGlobalSection
	GlobalSection(SolutionProperties) = preSolution
		HideSolutionNode = FALSE
	EndGlobalSection
	GlobalSection(ExtensibilityGlobals) = postSolution
		SolutionGuid = {436E9851-2344-4FF9-8339-97E2E92E515C}
	EndGlobalSection
EndGlobal
