
Microsoft Visual Studio Solution File, Format Version 12.00
# Visual Studio Version 17
VisualStudioVersion = 17.11.35312.102
MinimumVisualStudioVersion = 10.0.40219.1
Project("{FAE04EC0-301F-11D3-BF4B-00C04F79EFBC}") = "Meida_Colc", "Meida_Colc.csproj", "{7AE57873-9ECC-47F3-9DCE-3B9AACA1A8DD}"
EndProject
Global
	GlobalSection(SolutionConfigurationPlatforms) = preSolution
		Debug|Any CPU = Debug|Any CPU
		Release|Any CPU = Release|Any CPU
	EndGlobalSection
	GlobalSection(ProjectConfigurationPlatforms) = postSolution
		{7AE57873-9ECC-47F3-9DCE-3B9AACA1A8DD}.Debug|Any CPU.ActiveCfg = Debug|Any CPU
		{7AE57873-9ECC-47F3-9DCE-3B9AACA1A8DD}.Debug|Any CPU.Build.0 = Debug|Any CPU
		{7AE57873-9ECC-47F3-9DCE-3B9AACA1A8DD}.Release|Any CPU.ActiveCfg = Release|Any CPU
		{7AE57873-9ECC-47F3-9DCE-3B9AACA1A8DD}.Release|Any CPU.Build.0 = Release|Any CPU
	EndGlobalSection
	GlobalSection(SolutionProperties) = preSolution
		HideSolutionNode = FALSE
	EndGlobalSection
	GlobalSection(ExtensibilityGlobals) = postSolution
		SolutionGuid = {4282C17D-995B-4CDA-8683-8741C002B4AC}
	EndGlobalSection
EndGlobal
