
Microsoft Visual Studio Solution File, Format Version 12.00
# Visual Studio Version 17
VisualStudioVersion = 17.11.35312.102
MinimumVisualStudioVersion = 10.0.40219.1
Project("{FAE04EC0-301F-11D3-BF4B-00C04F79EFBC}") = "Matriz_3x3", "Matriz_3x3.csproj", "{A3D590FB-D201-4245-89E7-C70F8768A231}"
EndProject
Global
	GlobalSection(SolutionConfigurationPlatforms) = preSolution
		Debug|Any CPU = Debug|Any CPU
		Release|Any CPU = Release|Any CPU
	EndGlobalSection
	GlobalSection(ProjectConfigurationPlatforms) = postSolution
		{A3D590FB-D201-4245-89E7-C70F8768A231}.Debug|Any CPU.ActiveCfg = Debug|Any CPU
		{A3D590FB-D201-4245-89E7-C70F8768A231}.Debug|Any CPU.Build.0 = Debug|Any CPU
		{A3D590FB-D201-4245-89E7-C70F8768A231}.Release|Any CPU.ActiveCfg = Release|Any CPU
		{A3D590FB-D201-4245-89E7-C70F8768A231}.Release|Any CPU.Build.0 = Release|Any CPU
	EndGlobalSection
	GlobalSection(SolutionProperties) = preSolution
		HideSolutionNode = FALSE
	EndGlobalSection
	GlobalSection(ExtensibilityGlobals) = postSolution
		SolutionGuid = {533A239B-3B70-4A9D-8385-CD7E0F815079}
	EndGlobalSection
EndGlobal
