
Microsoft Visual Studio Solution File, Format Version 12.00
# Visual Studio Version 17
VisualStudioVersion = 17.11.35327.3
MinimumVisualStudioVersion = 10.0.40219.1
Project("{FAE04EC0-301F-11D3-BF4B-00C04F79EFBC}") = "Social_Scheduler", "Social_Scheduler.csproj", "{FAACEDA3-62B2-44A5-8B4A-3681499933D3}"
EndProject
Global
	GlobalSection(SolutionConfigurationPlatforms) = preSolution
		Debug|Any CPU = Debug|Any CPU
		Release|Any CPU = Release|Any CPU
	EndGlobalSection
	GlobalSection(ProjectConfigurationPlatforms) = postSolution
		{FAACEDA3-62B2-44A5-8B4A-3681499933D3}.Debug|Any CPU.ActiveCfg = Debug|Any CPU
		{FAACEDA3-62B2-44A5-8B4A-3681499933D3}.Debug|Any CPU.Build.0 = Debug|Any CPU
		{FAACEDA3-62B2-44A5-8B4A-3681499933D3}.Release|Any CPU.ActiveCfg = Release|Any CPU
		{FAACEDA3-62B2-44A5-8B4A-3681499933D3}.Release|Any CPU.Build.0 = Release|Any CPU
	EndGlobalSection
	GlobalSection(SolutionProperties) = preSolution
		HideSolutionNode = FALSE
	EndGlobalSection
	GlobalSection(ExtensibilityGlobals) = postSolution
		SolutionGuid = {639E8627-C125-44CE-841F-6E70DAC51BF4}
	EndGlobalSection
EndGlobal
