
Microsoft Visual Studio Solution File, Format Version 12.00
# Visual Studio Version 17
VisualStudioVersion = 17.11.35327.3
MinimumVisualStudioVersion = 10.0.40219.1
Project("{FAE04EC0-301F-11D3-BF4B-00C04F79EFBC}") = "Mercado_Financeiro", "Mercado_Financeiro.csproj", "{6E75F13E-A4B3-4AB2-B049-B3A7E28E3C73}"
EndProject
Global
	GlobalSection(SolutionConfigurationPlatforms) = preSolution
		Debug|Any CPU = Debug|Any CPU
		Release|Any CPU = Release|Any CPU
	EndGlobalSection
	GlobalSection(ProjectConfigurationPlatforms) = postSolution
		{6E75F13E-A4B3-4AB2-B049-B3A7E28E3C73}.Debug|Any CPU.ActiveCfg = Debug|Any CPU
		{6E75F13E-A4B3-4AB2-B049-B3A7E28E3C73}.Debug|Any CPU.Build.0 = Debug|Any CPU
		{6E75F13E-A4B3-4AB2-B049-B3A7E28E3C73}.Release|Any CPU.ActiveCfg = Release|Any CPU
		{6E75F13E-A4B3-4AB2-B049-B3A7E28E3C73}.Release|Any CPU.Build.0 = Release|Any CPU
	EndGlobalSection
	GlobalSection(SolutionProperties) = preSolution
		HideSolutionNode = FALSE
	EndGlobalSection
	GlobalSection(ExtensibilityGlobals) = postSolution
		SolutionGuid = {958E129C-0BFF-4A9E-844C-6B985E5DDE72}
	EndGlobalSection
EndGlobal
