
Microsoft Visual Studio Solution File, Format Version 12.00
# Visual Studio Version 17
VisualStudioVersion = 17.11.35312.102
MinimumVisualStudioVersion = 10.0.40219.1
Project("{FAE04EC0-301F-11D3-BF4B-00C04F79EFBC}") = "Sistema_de_Gestão", "Sistema_de_Gestão.csproj", "{3301C3E3-ECA5-47D2-9DD9-458E96C977B3}"
EndProject
Global
	GlobalSection(SolutionConfigurationPlatforms) = preSolution
		Debug|Any CPU = Debug|Any CPU
		Release|Any CPU = Release|Any CPU
	EndGlobalSection
	GlobalSection(ProjectConfigurationPlatforms) = postSolution
		{3301C3E3-ECA5-47D2-9DD9-458E96C977B3}.Debug|Any CPU.ActiveCfg = Debug|Any CPU
		{3301C3E3-ECA5-47D2-9DD9-458E96C977B3}.Debug|Any CPU.Build.0 = Debug|Any CPU
		{3301C3E3-ECA5-47D2-9DD9-458E96C977B3}.Release|Any CPU.ActiveCfg = Release|Any CPU
		{3301C3E3-ECA5-47D2-9DD9-458E96C977B3}.Release|Any CPU.Build.0 = Release|Any CPU
	EndGlobalSection
	GlobalSection(SolutionProperties) = preSolution
		HideSolutionNode = FALSE
	EndGlobalSection
	GlobalSection(ExtensibilityGlobals) = postSolution
		SolutionGuid = {7E021B25-8197-4457-B2CB-ABB1B032774E}
	EndGlobalSection
EndGlobal
